
Microsoft Visual Studio Solution File, Format Version 12.00
Project("{FAE04EC0-301F-11D3-BF4B-00C04F79EFBC}") = "Veaco.api", "Veaco.api\Veaco.api.csproj", "{3A6CC5D5-7F45-47DD-AC14-0FD1C2D6E2DD}"
EndProject
Global
	GlobalSection(SolutionConfigurationPlatforms) = preSolution
		Debug|Any CPU = Debug|Any CPU
		Release|Any CPU = Release|Any CPU
	EndGlobalSection
	GlobalSection(ProjectConfigurationPlatforms) = postSolution
		{3A6CC5D5-7F45-47DD-AC14-0FD1C2D6E2DD}.Debug|Any CPU.ActiveCfg = Debug|Any CPU
		{3A6CC5D5-7F45-47DD-AC14-0FD1C2D6E2DD}.Debug|Any CPU.Build.0 = Debug|Any CPU
		{3A6CC5D5-7F45-47DD-AC14-0FD1C2D6E2DD}.Release|Any CPU.ActiveCfg = Release|Any CPU
		{3A6CC5D5-7F45-47DD-AC14-0FD1C2D6E2DD}.Release|Any CPU.Build.0 = Release|Any CPU
	EndGlobalSection
EndGlobal
